// !$*UTF8*$!
{
	archiveVersion = 1;
	classes = {
	};
	objectVersion = 50;
	objects = {

/* Begin PBXBuildFile section */
		8499B02428797E7300DB9C30 /* AppDelegate.swift in Sources */ = {isa = PBXBuildFile; fileRef = 8499B02328797E7300DB9C30 /* AppDelegate.swift */; };
		8499B02628797E7300DB9C30 /* SceneDelegate.swift in Sources */ = {isa = PBXBuildFile; fileRef = 8499B02528797E7300DB9C30 /* SceneDelegate.swift */; };
		8499B02828797E7300DB9C30 /* WeatherViewController.swift in Sources */ = {isa = PBXBuildFile; fileRef = 8499B02728797E7300DB9C30 /* WeatherViewController.swift */; };
		8499B02B28797E7300DB9C30 /* Main.storyboard in Resources */ = {isa = PBXBuildFile; fileRef = 8499B02928797E7300DB9C30 /* Main.storyboard */; };
		8499B02D28797E7600DB9C30 /* Assets.xcassets in Resources */ = {isa = PBXBuildFile; fileRef = 8499B02C28797E7600DB9C30 /* Assets.xcassets */; };
		8499B03028797E7600DB9C30 /* LaunchScreen.storyboard in Resources */ = {isa = PBXBuildFile; fileRef = 8499B02E28797E7600DB9C30 /* LaunchScreen.storyboard */; };
		8499B03B287987F100DB9C30 /* WeatherManager.swift in Sources */ = {isa = PBXBuildFile; fileRef = 8499B03A287987F100DB9C30 /* WeatherManager.swift */; };
/* End PBXBuildFile section */

/* Begin PBXFileReference section */
		8499B02028797E7300DB9C30 /* Clima_weather_app.app */ = {isa = PBXFileReference; explicitFileType = wrapper.application; includeInIndex = 0; path = Clima_weather_app.app; sourceTree = BUILT_PRODUCTS_DIR; };
		8499B02328797E7300DB9C30 /* AppDelegate.swift */ = {isa = PBXFileReference; lastKnownFileType = sourcecode.swift; path = AppDelegate.swift; sourceTree = "<group>"; };
		8499B02528797E7300DB9C30 /* SceneDelegate.swift */ = {isa = PBXFileReference; lastKnownFileType = sourcecode.swift; path = SceneDelegate.swift; sourceTree = "<group>"; };
		8499B02728797E7300DB9C30 /* WeatherViewController.swift */ = {isa = PBXFileReference; lastKnownFileType = sourcecode.swift; path = WeatherViewController.swift; sourceTree = "<group>"; };
		8499B02A28797E7300DB9C30 /* Base */ = {isa = PBXFileReference; lastKnownFileType = file.storyboard; name = Base; path = Base.lproj/Main.storyboard; sourceTree = "<group>"; };
		8499B02C28797E7600DB9C30 /* Assets.xcassets */ = {isa = PBXFileReference; lastKnownFileType = folder.assetcatalog; path = Assets.xcassets; sourceTree = "<group>"; };
		8499B02F28797E7600DB9C30 /* Base */ = {isa = PBXFileReference; lastKnownFileType = file.storyboard; name = Base; path = Base.lproj/LaunchScreen.storyboard; sourceTree = "<group>"; };
		8499B03128797E7600DB9C30 /* Info.plist */ = {isa = PBXFileReference; lastKnownFileType = text.plist.xml; path = Info.plist; sourceTree = "<group>"; };
		8499B03A287987F100DB9C30 /* WeatherManager.swift */ = {isa = PBXFileReference; lastKnownFileType = sourcecode.swift; path = WeatherManager.swift; sourceTree = "<group>"; };
/* End PBXFileReference section */

/* Begin PBXFrameworksBuildPhase section */
		8499B01D28797E7300DB9C30 /* Frameworks */ = {
			isa = PBXFrameworksBuildPhase;
			buildActionMask = 2147483647;
			files = (
			);
			runOnlyForDeploymentPostprocessing = 0;
		};
/* End PBXFrameworksBuildPhase section */

/* Begin PBXGroup section */
		8499B01728797E7300DB9C30 = {
			isa = PBXGroup;
			children = (
				8499B02228797E7300DB9C30 /* Clima_weather_app */,
				8499B02128797E7300DB9C30 /* Products */,
			);
			sourceTree = "<group>";
		};
		8499B02128797E7300DB9C30 /* Products */ = {
			isa = PBXGroup;
			children = (
				8499B02028797E7300DB9C30 /* Clima_weather_app.app */,
			);
			name = Products;
			sourceTree = "<group>";
		};
		8499B02228797E7300DB9C30 /* Clima_weather_app */ = {
			isa = PBXGroup;
			children = (
				8499B02328797E7300DB9C30 /* AppDelegate.swift */,
				8499B02528797E7300DB9C30 /* SceneDelegate.swift */,
				8499B039287987BC00DB9C30 /* Model */,
				8499B038287987B700DB9C30 /* View */,
				8499B037287987A700DB9C30 /* Controller */,
				8499B02C28797E7600DB9C30 /* Assets.xcassets */,
				8499B02E28797E7600DB9C30 /* LaunchScreen.storyboard */,
				8499B03128797E7600DB9C30 /* Info.plist */,
			);
			path = Clima_weather_app;
			sourceTree = "<group>";
		};
		8499B037287987A700DB9C30 /* Controller */ = {
			isa = PBXGroup;
			children = (
				8499B02728797E7300DB9C30 /* WeatherViewController.swift */,
			);
			path = Controller;
			sourceTree = "<group>";
		};
		8499B038287987B700DB9C30 /* View */ = {
			isa = PBXGroup;
			children = (
				8499B02928797E7300DB9C30 /* Main.storyboard */,
			);
			path = View;
			sourceTree = "<group>";
		};
		8499B039287987BC00DB9C30 /* Model */ = {
			isa = PBXGroup;
			children = (
				8499B03A287987F100DB9C30 /* WeatherManager.swift */,
			);
			path = Model;
			sourceTree = "<group>";
		};
/* End PBXGroup section */

/* Begin PBXNativeTarget section */
		8499B01F28797E7300DB9C30 /* Clima_weather_app */ = {
			isa = PBXNativeTarget;
			buildConfigurationList = 8499B03428797E7600DB9C30 /* Build configuration list for PBXNativeTarget "Clima_weather_app" */;
			buildPhases = (
				8499B01C28797E7300DB9C30 /* Sources */,
				8499B01D28797E7300DB9C30 /* Frameworks */,
				8499B01E28797E7300DB9C30 /* Resources */,
			);
			buildRules = (
			);
			dependencies = (
			);
			name = Clima_weather_app;
			productName = Clima_weather_app;
			productReference = 8499B02028797E7300DB9C30 /* Clima_weather_app.app */;
			productType = "com.apple.product-type.application";
		};
/* End PBXNativeTarget section */

/* Begin PBXProject section */
		8499B01828797E7300DB9C30 /* Project object */ = {
			isa = PBXProject;
			attributes = {
				LastSwiftUpdateCheck = 1140;
				LastUpgradeCheck = 1140;
				ORGANIZATIONNAME = "Sergey Lolaev";
				TargetAttributes = {
					8499B01F28797E7300DB9C30 = {
						CreatedOnToolsVersion = 11.4;
					};
				};
			};
			buildConfigurationList = 8499B01B28797E7300DB9C30 /* Build configuration list for PBXProject "Clima_weather_app" */;
			compatibilityVersion = "Xcode 9.3";
			developmentRegion = en;
			hasScannedForEncodings = 0;
			knownRegions = (
				en,
				Base,
			);
			mainGroup = 8499B01728797E7300DB9C30;
			productRefGroup = 8499B02128797E7300DB9C30 /* Products */;
			projectDirPath = "";
			projectRoot = "";
			targets = (
				8499B01F28797E7300DB9C30 /* Clima_weather_app */,
			);
		};
/* End PBXProject section */

/* Begin PBXResourcesBuildPhase section */
		8499B01E28797E7300DB9C30 /* Resources */ = {
			isa = PBXResourcesBuildPhase;
			buildActionMask = 2147483647;
			files = (
				8499B03028797E7600DB9C30 /* LaunchScreen.storyboard in Resources */,
				8499B02D28797E7600DB9C30 /* Assets.xcassets in Resources */,
				8499B02B28797E7300DB9C30 /* Main.storyboard in Resources */,
			);
			runOnlyForDeploymentPostprocessing = 0;
		};
/* End PBXResourcesBuildPhase section */

/* Begin PBXSourcesBuildPhase section */
		8499B01C28797E7300DB9C30 /* Sources */ = {
			isa = PBXSourcesBuildPhase;
			buildActionMask = 2147483647;
			files = (
				8499B02828797E7300DB9C30 /* WeatherViewController.swift in Sources */,
				8499B02428797E7300DB9C30 /* AppDelegate.swift in Sources */,
				8499B03B287987F100DB9C30 /* WeatherManager.swift in Sources */,
				8499B02628797E7300DB9C30 /* SceneDelegate.swift in Sources */,
			);
			runOnlyForDeploymentPostprocessing = 0;
		};
/* End PBXSourcesBuildPhase section */

/* Begin PBXVariantGroup section */
		8499B02928797E7300DB9C30 /* Main.storyboard */ = {
			isa = PBXVariantGroup;
			children = (
				8499B02A28797E7300DB9C30 /* Base */,
			);
			name = Main.storyboard;
			sourceTree = "<group>";
		};
		8499B02E28797E7600DB9C30 /* LaunchScreen.storyboard */ = {
			isa = PBXVariantGroup;
			children = (
				8499B02F28797E7600DB9C30 /* Base */,
			);
			name = LaunchScreen.storyboard;
			sourceTree = "<group>";
		};
/* End PBXVariantGroup section */

/* Begin XCBuildConfiguration section */
		8499B03228797E7600DB9C30 /* Debug */ = {
			isa = XCBuildConfiguration;
			buildSettings = {
				ALWAYS_SEARCH_USER_PATHS = NO;
				CLANG_ANALYZER_NONNULL = YES;
				CLANG_ANALYZER_NUMBER_OBJECT_CONVERSION = YES_AGGRESSIVE;
				CLANG_CXX_LANGUAGE_STANDARD = "gnu++14";
				CLANG_CXX_LIBRARY = "libc++";
				CLANG_ENABLE_MODULES = YES;
				CLANG_ENABLE_OBJC_ARC = YES;
				CLANG_ENABLE_OBJC_WEAK = YES;
				CLANG_WARN_BLOCK_CAPTURE_AUTORELEASING = YES;
				CLANG_WARN_BOOL_CONVERSION = YES;
				CLANG_WARN_COMMA = YES;
				CLANG_WARN_CONSTANT_CONVERSION = YES;
				CLANG_WARN_DEPRECATED_OBJC_IMPLEMENTATIONS = YES;
				CLANG_WARN_DIRECT_OBJC_ISA_USAGE = YES_ERROR;
				CLANG_WARN_DOCUMENTATION_COMMENTS = YES;
				CLANG_WARN_EMPTY_BODY = YES;
				CLANG_WARN_ENUM_CONVERSION = YES;
				CLANG_WARN_INFINITE_RECURSION = YES;
				CLANG_WARN_INT_CONVERSION = YES;
				CLANG_WARN_NON_LITERAL_NULL_CONVERSION = YES;
				CLANG_WARN_OBJC_IMPLICIT_RETAIN_SELF = YES;
				CLANG_WARN_OBJC_LITERAL_CONVERSION = YES;
				CLANG_WARN_OBJC_ROOT_CLASS = YES_ERROR;
				CLANG_WARN_RANGE_LOOP_ANALYSIS = YES;
				CLANG_WARN_STRICT_PROTOTYPES = YES;
				CLANG_WARN_SUSPICIOUS_MOVE = YES;
				CLANG_WARN_UNGUARDED_AVAILABILITY = YES_AGGRESSIVE;
				CLANG_WARN_UNREACHABLE_CODE = YES;
				CLANG_WARN__DUPLICATE_METHOD_MATCH = YES;
				COPY_PHASE_STRIP = NO;
				DEBUG_INFORMATION_FORMAT = dwarf;
				ENABLE_STRICT_OBJC_MSGSEND = YES;
				ENABLE_TESTABILITY = YES;
				GCC_C_LANGUAGE_STANDARD = gnu11;
				GCC_DYNAMIC_NO_PIC = NO;
				GCC_NO_COMMON_BLOCKS = YES;
				GCC_OPTIMIZATION_LEVEL = 0;
				GCC_PREPROCESSOR_DEFINITIONS = (
					"DEBUG=1",
					"$(inherited)",
				);
				GCC_WARN_64_TO_32_BIT_CONVERSION = YES;
				GCC_WARN_ABOUT_RETURN_TYPE = YES_ERROR;
				GCC_WARN_UNDECLARED_SELECTOR = YES;
				GCC_WARN_UNINITIALIZED_AUTOS = YES_AGGRESSIVE;
				GCC_WARN_UNUSED_FUNCTION = YES;
				GCC_WARN_UNUSED_VARIABLE = YES;
				IPHONEOS_DEPLOYMENT_TARGET = 13.4;
				MTL_ENABLE_DEBUG_INFO = INCLUDE_SOURCE;
				MTL_FAST_MATH = YES;
				ONLY_ACTIVE_ARCH = YES;
				SDKROOT = iphoneos;
				SWIFT_ACTIVE_COMPILATION_CONDITIONS = DEBUG;
				SWIFT_OPTIMIZATION_LEVEL = "-Onone";
			};
			name = Debug;
		};
		8499B03328797E7600DB9C30 /* Release */ = {
			isa = XCBuildConfiguration;
			buildSettings = {
				ALWAYS_SEARCH_USER_PATHS = NO;
				CLANG_ANALYZER_NONNULL = YES;
				CLANG_ANALYZER_NUMBER_OBJECT_CONVERSION = YES_AGGRESSIVE;
				CLANG_CXX_LANGUAGE_STANDARD = "gnu++14";
				CLANG_CXX_LIBRARY = "libc++";
				CLANG_ENABLE_MODULES = YES;
				CLANG_ENABLE_OBJC_ARC = YES;
				CLANG_ENABLE_OBJC_WEAK = YES;
				CLANG_WARN_BLOCK_CAPTURE_AUTORELEASING = YES;
				CLANG_WARN_BOOL_CONVERSION = YES;
				CLANG_WARN_COMMA = YES;
				CLANG_WARN_CONSTANT_CONVERSION = YES;
				CLANG_WARN_DEPRECATED_OBJC_IMPLEMENTATIONS = YES;
				CLANG_WARN_DIRECT_OBJC_ISA_USAGE = YES_ERROR;
				CLANG_WARN_DOCUMENTATION_COMMENTS = YES;
				CLANG_WARN_EMPTY_BODY = YES;
				CLANG_WARN_ENUM_CONVERSION = YES;
				CLANG_WARN_INFINITE_RECURSION = YES;
				CLANG_WARN_INT_CONVERSION = YES;
				CLANG_WARN_NON_LITERAL_NULL_CONVERSION = YES;
				CLANG_WARN_OBJC_IMPLICIT_RETAIN_SELF = YES;
				CLANG_WARN_OBJC_LITERAL_CONVERSION = YES;
				CLANG_WARN_OBJC_ROOT_CLASS = YES_ERROR;
				CLANG_WARN_RANGE_LOOP_ANALYSIS = YES;
				CLANG_WARN_STRICT_PROTOTYPES = YES;
				CLANG_WARN_SUSPICIOUS_MOVE = YES;
				CLANG_WARN_UNGUARDED_AVAILABILITY = YES_AGGRESSIVE;
				CLANG_WARN_UNREACHABLE_CODE = YES;
				CLANG_WARN__DUPLICATE_METHOD_MATCH = YES;
				COPY_PHASE_STRIP = NO;
				DEBUG_INFORMATION_FORMAT = "dwarf-with-dsym";
				ENABLE_NS_ASSERTIONS = NO;
				ENABLE_STRICT_OBJC_MSGSEND = YES;
				GCC_C_LANGUAGE_STANDARD = gnu11;
				GCC_NO_COMMON_BLOCKS = YES;
				GCC_WARN_64_TO_32_BIT_CONVERSION = YES;
				GCC_WARN_ABOUT_RETURN_TYPE = YES_ERROR;
				GCC_WARN_UNDECLARED_SELECTOR = YES;
				GCC_WARN_UNINITIALIZED_AUTOS = YES_AGGRESSIVE;
				GCC_WARN_UNUSED_FUNCTION = YES;
				GCC_WARN_UNUSED_VARIABLE = YES;
				IPHONEOS_DEPLOYMENT_TARGET = 13.4;
				MTL_ENABLE_DEBUG_INFO = NO;
				MTL_FAST_MATH = YES;
				SDKROOT = iphoneos;
				SWIFT_COMPILATION_MODE = wholemodule;
				SWIFT_OPTIMIZATION_LEVEL = "-O";
				VALIDATE_PRODUCT = YES;
			};
			name = Release;
		};
		8499B03528797E7600DB9C30 /* Debug */ = {
			isa = XCBuildConfiguration;
			buildSettings = {
				ASSETCATALOG_COMPILER_APPICON_NAME = AppIcon;
				CODE_SIGN_STYLE = Automatic;
				DEVELOPMENT_TEAM = 6GDFQ6F6AG;
				INFOPLIST_FILE = Clima_weather_app/Info.plist;
				LD_RUNPATH_SEARCH_PATHS = (
					"$(inherited)",
					"@executable_path/Frameworks",
				);
				PRODUCT_BUNDLE_IDENTIFIER = "com.lolaevSergey.Clima-weather-app";
				PRODUCT_NAME = "$(TARGET_NAME)";
				SWIFT_VERSION = 5.0;
				TARGETED_DEVICE_FAMILY = "1,2";
			};
			name = Debug;
		};
		8499B03628797E7600DB9C30 /* Release */ = {
			isa = XCBuildConfiguration;
			buildSettings = {
				ASSETCATALOG_COMPILER_APPICON_NAME = AppIcon;
				CODE_SIGN_STYLE = Automatic;
				DEVELOPMENT_TEAM = 6GDFQ6F6AG;
				INFOPLIST_FILE = Clima_weather_app/Info.plist;
				LD_RUNPATH_SEARCH_PATHS = (
					"$(inherited)",
					"@executable_path/Frameworks",
				);
				PRODUCT_BUNDLE_IDENTIFIER = "com.lolaevSergey.Clima-weather-app";
				PRODUCT_NAME = "$(TARGET_NAME)";
				SWIFT_VERSION = 5.0;
				TARGETED_DEVICE_FAMILY = "1,2";
			};
			name = Release;
		};
/* End XCBuildConfiguration section */

/* Begin XCConfigurationList section */
		8499B01B28797E7300DB9C30 /* Build configuration list for PBXProject "Clima_weather_app" */ = {
			isa = XCConfigurationList;
			buildConfigurations = (
				8499B03228797E7600DB9C30 /* Debug */,
				8499B03328797E7600DB9C30 /* Release */,
			);
			defaultConfigurationIsVisible = 0;
			defaultConfigurationName = Release;
		};
		8499B03428797E7600DB9C30 /* Build configuration list for PBXNativeTarget "Clima_weather_app" */ = {
			isa = XCConfigurationList;
			buildConfigurations = (
				8499B03528797E7600DB9C30 /* Debug */,
				8499B03628797E7600DB9C30 /* Release */,
			);
			defaultConfigurationIsVisible = 0;
			defaultConfigurationName = Release;
		};
/* End XCConfigurationList section */
	};
	rootObject = 8499B01828797E7300DB9C30 /* Project object */;
}
